
Microsoft Visual Studio Solution File, Format Version 12.00
# Visual Studio Version 17
VisualStudioVersion = 17.0.31903.59
MinimumVisualStudioVersion = 10.0.40219.1
Project("{2150E333-8FDC-42A3-9474-1A3956D46DE8}") = "src", "src", "{02EA681E-C7D8-13C7-8484-4AC65E1B71E8}"
EndProject
Project("{2150E333-8FDC-42A3-9474-1A3956D46DE8}") = ".github", ".github", "{99A8EE2D-6B14-461F-995C-920BE5B480F2}"
EndProject
Project("{2150E333-8FDC-42A3-9474-1A3956D46DE8}") = "workflows", "workflows", "{A972A19D-3F53-4E8B-B82D-A86D9C132B86}"
	ProjectSection(SolutionItems) = preProject
		.github\workflows\publish.yml = .github\workflows\publish.yml
	EndProjectSection
EndProject
Project("{2150E333-8FDC-42A3-9474-1A3956D46DE8}") = "caching", "caching", "{231D748F-8119-460F-9C97-7AFBD3AE7EB0}"
EndProject
Project("{FAE04EC0-301F-11D3-BF4B-00C04F79EFBC}") = "Lingua.BuildingBlocks.Caching", "src\caching\Lingua.BuildingBlocks.Caching.csproj", "{2CEB8470-A8A1-469F-43AC-C07C1657C7C4}"
EndProject
Project("{2150E333-8FDC-42A3-9474-1A3956D46DE8}") = "mediation", "mediation", "{E3FB24AB-DFEA-455F-999D-D67442F2AC80}"
EndProject
Project("{FAE04EC0-301F-11D3-BF4B-00C04F79EFBC}") = "Lingua.BuildingBlocks.Mediation", "src\mediation\Lingua.BuildingBlocks.Mediation.csproj", "{48BD52A7-2F31-EB9A-16E8-B66164118BA4}"
EndProject
Project("{2150E333-8FDC-42A3-9474-1A3956D46DE8}") = "Solution Items", "Solution Items", "{8EC462FD-D22E-90A8-E5CE-7E832BA40C5D}"
	ProjectSection(SolutionItems) = preProject
		packages.json = packages.json
	EndProjectSection
EndProject
Project("{2150E333-8FDC-42A3-9474-1A3956D46DE8}") = "storage", "storage", "{27FD1D38-95DF-4915-9191-7D5B2C190638}"
EndProject
Project("{2150E333-8FDC-42A3-9474-1A3956D46DE8}") = "abstractions", "abstractions", "{B4F5605C-F972-40B6-B29E-6ABDCCA3941C}"
EndProject
Project("{2150E333-8FDC-42A3-9474-1A3956D46DE8}") = "azure-blob-storage", "azure-blob-storage", "{AE6EDED3-CFA8-4F19-B652-9EAFE05999F3}"
EndProject
Project("{2150E333-8FDC-42A3-9474-1A3956D46DE8}") = "aws-s3", "aws-s3", "{88DF9122-3D37-4523-AB8A-1B88BFB9DD5F}"
EndProject
Project("{FAE04EC0-301F-11D3-BF4B-00C04F79EFBC}") = "Lingua.BuildingBlocks.Storage.Abstractions", "src\storage\abstractions\Lingua.BuildingBlocks.Storage.Abstractions.csproj", "{68DC7ACF-2D23-33E1-C21E-61E6720D4CFA}"
EndProject
Project("{FAE04EC0-301F-11D3-BF4B-00C04F79EFBC}") = "Lingua.BuildingBlocks.Storage.AzureBlobStorage", "src\storage\azure-blob-storage\Lingua.BuildingBlocks.Storage.AzureBlobStorage.csproj", "{9B5D7EEA-8CF1-8778-2BA7-A0404FB6376C}"
EndProject
Project("{FAE04EC0-301F-11D3-BF4B-00C04F79EFBC}") = "Lingua.BuildingBlocks.Storage.AwsS3", "src\storage\aws-s3\Lingua.BuildingBlocks.Storage.AwsS3.csproj", "{12D73E4C-1C4B-9E72-9689-7C334B4CE320}"
EndProject
Global
	GlobalSection(SolutionConfigurationPlatforms) = preSolution
		Debug|Any CPU = Debug|Any CPU
		Release|Any CPU = Release|Any CPU
	EndGlobalSection
	GlobalSection(ProjectConfigurationPlatforms) = postSolution
		{2CEB8470-A8A1-469F-43AC-C07C1657C7C4}.Debug|Any CPU.ActiveCfg = Debug|Any CPU
		{2CEB8470-A8A1-469F-43AC-C07C1657C7C4}.Debug|Any CPU.Build.0 = Debug|Any CPU
		{2CEB8470-A8A1-469F-43AC-C07C1657C7C4}.Release|Any CPU.ActiveCfg = Release|Any CPU
		{2CEB8470-A8A1-469F-43AC-C07C1657C7C4}.Release|Any CPU.Build.0 = Release|Any CPU
		{48BD52A7-2F31-EB9A-16E8-B66164118BA4}.Debug|Any CPU.ActiveCfg = Debug|Any CPU
		{48BD52A7-2F31-EB9A-16E8-B66164118BA4}.Debug|Any CPU.Build.0 = Debug|Any CPU
		{48BD52A7-2F31-EB9A-16E8-B66164118BA4}.Release|Any CPU.ActiveCfg = Release|Any CPU
		{48BD52A7-2F31-EB9A-16E8-B66164118BA4}.Release|Any CPU.Build.0 = Release|Any CPU
		{68DC7ACF-2D23-33E1-C21E-61E6720D4CFA}.Debug|Any CPU.ActiveCfg = Debug|Any CPU
		{68DC7ACF-2D23-33E1-C21E-61E6720D4CFA}.Debug|Any CPU.Build.0 = Debug|Any CPU
		{68DC7ACF-2D23-33E1-C21E-61E6720D4CFA}.Release|Any CPU.ActiveCfg = Release|Any CPU
		{68DC7ACF-2D23-33E1-C21E-61E6720D4CFA}.Release|Any CPU.Build.0 = Release|Any CPU
		{9B5D7EEA-8CF1-8778-2BA7-A0404FB6376C}.Debug|Any CPU.ActiveCfg = Debug|Any CPU
		{9B5D7EEA-8CF1-8778-2BA7-A0404FB6376C}.Debug|Any CPU.Build.0 = Debug|Any CPU
		{9B5D7EEA-8CF1-8778-2BA7-A0404FB6376C}.Release|Any CPU.ActiveCfg = Release|Any CPU
		{9B5D7EEA-8CF1-8778-2BA7-A0404FB6376C}.Release|Any CPU.Build.0 = Release|Any CPU
		{12D73E4C-1C4B-9E72-9689-7C334B4CE320}.Debug|Any CPU.ActiveCfg = Debug|Any CPU
		{12D73E4C-1C4B-9E72-9689-7C334B4CE320}.Debug|Any CPU.Build.0 = Debug|Any CPU
		{12D73E4C-1C4B-9E72-9689-7C334B4CE320}.Release|Any CPU.ActiveCfg = Release|Any CPU
		{12D73E4C-1C4B-9E72-9689-7C334B4CE320}.Release|Any CPU.Build.0 = Release|Any CPU
	EndGlobalSection
	GlobalSection(SolutionProperties) = preSolution
		HideSolutionNode = FALSE
	EndGlobalSection
	GlobalSection(NestedProjects) = preSolution
		{A972A19D-3F53-4E8B-B82D-A86D9C132B86} = {99A8EE2D-6B14-461F-995C-920BE5B480F2}
		{231D748F-8119-460F-9C97-7AFBD3AE7EB0} = {02EA681E-C7D8-13C7-8484-4AC65E1B71E8}
		{2CEB8470-A8A1-469F-43AC-C07C1657C7C4} = {231D748F-8119-460F-9C97-7AFBD3AE7EB0}
		{E3FB24AB-DFEA-455F-999D-D67442F2AC80} = {02EA681E-C7D8-13C7-8484-4AC65E1B71E8}
		{48BD52A7-2F31-EB9A-16E8-B66164118BA4} = {E3FB24AB-DFEA-455F-999D-D67442F2AC80}
		{27FD1D38-95DF-4915-9191-7D5B2C190638} = {02EA681E-C7D8-13C7-8484-4AC65E1B71E8}
		{B4F5605C-F972-40B6-B29E-6ABDCCA3941C} = {27FD1D38-95DF-4915-9191-7D5B2C190638}
		{AE6EDED3-CFA8-4F19-B652-9EAFE05999F3} = {27FD1D38-95DF-4915-9191-7D5B2C190638}
		{88DF9122-3D37-4523-AB8A-1B88BFB9DD5F} = {27FD1D38-95DF-4915-9191-7D5B2C190638}
		{68DC7ACF-2D23-33E1-C21E-61E6720D4CFA} = {B4F5605C-F972-40B6-B29E-6ABDCCA3941C}
		{9B5D7EEA-8CF1-8778-2BA7-A0404FB6376C} = {AE6EDED3-CFA8-4F19-B652-9EAFE05999F3}
		{12D73E4C-1C4B-9E72-9689-7C334B4CE320} = {88DF9122-3D37-4523-AB8A-1B88BFB9DD5F}
	EndGlobalSection
	GlobalSection(ExtensibilityGlobals) = postSolution
		SolutionGuid = {0C0D4535-231B-455B-86E3-50E1AF8FD646}
	EndGlobalSection
EndGlobal
